
Microsoft Visual Studio Solution File, Format Version 12.00
# Visual Studio Version 16
VisualStudioVersion = 16.0.30413.136
MinimumVisualStudioVersion = 10.0.40219.1
Project("{FAE04EC0-301F-11D3-BF4B-00C04F79EFBC}") = "MyFirstCalculatorApp", "MyFirstCalculatorApp\MyFirstCalculatorApp.csproj", "{4FC1454A-D6D7-4419-AACA-EE50857EE78E}"
EndProject
Global
	GlobalSection(SolutionConfigurationPlatforms) = preSolution
		Debug|Any CPU = Debug|Any CPU
		Release|Any CPU = Release|Any CPU
	EndGlobalSection
	GlobalSection(ProjectConfigurationPlatforms) = postSolution
		{4FC1454A-D6D7-4419-AACA-EE50857EE78E}.Debug|Any CPU.ActiveCfg = Debug|Any CPU
		{4FC1454A-D6D7-4419-AACA-EE50857EE78E}.Debug|Any CPU.Build.0 = Debug|Any CPU
		{4FC1454A-D6D7-4419-AACA-EE50857EE78E}.Release|Any CPU.ActiveCfg = Release|Any CPU
		{4FC1454A-D6D7-4419-AACA-EE50857EE78E}.Release|Any CPU.Build.0 = Release|Any CPU
	EndGlobalSection
	GlobalSection(SolutionProperties) = preSolution
		HideSolutionNode = FALSE
	EndGlobalSection
	GlobalSection(ExtensibilityGlobals) = postSolution
		SolutionGuid = {49BE2CDC-1798-4366-B346-B2E49E90312D}
	EndGlobalSection
EndGlobal
